# THIS IS AN AUTOGENERATED FILE. DO NOT EDIT THIS FILE DIRECTLY.
# yarn lockfile v1


"@remix-run/router@1.8.0":
  version "1.8.0"
  resolved "https://registry.yarnpkg.com/@remix-run/router/-/router-1.8.0.tgz#e848d2f669f601544df15ce2a313955e4bf0bafc"
  integrity sha512-mrfKqIHnSZRyIzBcanNJmVQELTnX+qagEDlcKO90RgRBVOZGSGvZKeDihTRfWcqoDn5N/NkUcwWTccnpN18Tfg==

react-router-dom@^6.15.0:
  version "6.15.0"
  resolved "https://registry.yarnpkg.com/react-router-dom/-/react-router-dom-6.15.0.tgz#6da7db61e56797266fbbef0d5e324d6ac443ee40"
  integrity sha512-aR42t0fs7brintwBGAv2+mGlCtgtFQeOzK0BM1/OiqEzRejOZtpMZepvgkscpMUnKb8YO84G7s3LsHnnDNonbQ==
  dependencies:
    "@remix-run/router" "1.8.0"
    react-router "6.15.0"

react-router@6.15.0:
  version "6.15.0"
  resolved "https://registry.yarnpkg.com/react-router/-/react-router-6.15.0.tgz#bf2cb5a4a7ed57f074d4ea88db0d95033f39cac8"
  integrity sha512-NIytlzvzLwJkCQj2HLefmeakxxWHWAP+02EGqWEZy+DgfHHKQMUoBBjUQLOtFInBMhWtb3hiUy6MfFgwLjXhqg==
  dependencies:
    "@remix-run/router" "1.8.0"
